
Microsoft Visual Studio Solution File, Format Version 12.00
# Visual Studio Version 16
VisualStudioVersion = 16.0.30011.22
MinimumVisualStudioVersion = 10.0.40219.1
Project("{FAE04EC0-301F-11D3-BF4B-00C04F79EFBC}") = "VueMPAAndCore", "VueMPAAndCore.csproj", "{F091AD70-1523-4CE9-B357-A5ED19959942}"
EndProject
Global
	GlobalSection(SolutionConfigurationPlatforms) = preSolution
		Debug|Any CPU = Debug|Any CPU
		Release|Any CPU = Release|Any CPU
	EndGlobalSection
	GlobalSection(ProjectConfigurationPlatforms) = postSolution
		{F091AD70-1523-4CE9-B357-A5ED19959942}.Debug|Any CPU.ActiveCfg = Debug|Any CPU
		{F091AD70-1523-4CE9-B357-A5ED19959942}.Debug|Any CPU.Build.0 = Debug|Any CPU
		{F091AD70-1523-4CE9-B357-A5ED19959942}.Release|Any CPU.ActiveCfg = Release|Any CPU
		{F091AD70-1523-4CE9-B357-A5ED19959942}.Release|Any CPU.Build.0 = Release|Any CPU
	EndGlobalSection
	GlobalSection(SolutionProperties) = preSolution
		HideSolutionNode = FALSE
	EndGlobalSection
	GlobalSection(ExtensibilityGlobals) = postSolution
		SolutionGuid = {7315CC87-BE34-4108-B6B2-B2ECD1A95495}
	EndGlobalSection
EndGlobal
